
Microsoft Visual Studio Solution File, Format Version 12.00
# Visual Studio Version 17
VisualStudioVersion = 17.3.32929.385
MinimumVisualStudioVersion = 10.0.40219.1
Project("{8BC9CEB8-8B4A-11D0-8D11-00A0C91BC942}") = "C_Class12", "C_Class12\C_Class12.vcxproj", "{07E7236C-9512-4EFD-B628-837070AC4142}"
EndProject
Global
	GlobalSection(SolutionConfigurationPlatforms) = preSolution
		Debug|x64 = Debug|x64
		Debug|x86 = Debug|x86
		Release|x64 = Release|x64
		Release|x86 = Release|x86
	EndGlobalSection
	GlobalSection(ProjectConfigurationPlatforms) = postSolution
		{07E7236C-9512-4EFD-B628-837070AC4142}.Debug|x64.ActiveCfg = Debug|x64
		{07E7236C-9512-4EFD-B628-837070AC4142}.Debug|x64.Build.0 = Debug|x64
		{07E7236C-9512-4EFD-B628-837070AC4142}.Debug|x86.ActiveCfg = Debug|Win32
		{07E7236C-9512-4EFD-B628-837070AC4142}.Debug|x86.Build.0 = Debug|Win32
		{07E7236C-9512-4EFD-B628-837070AC4142}.Release|x64.ActiveCfg = Release|x64
		{07E7236C-9512-4EFD-B628-837070AC4142}.Release|x64.Build.0 = Release|x64
		{07E7236C-9512-4EFD-B628-837070AC4142}.Release|x86.ActiveCfg = Release|Win32
		{07E7236C-9512-4EFD-B628-837070AC4142}.Release|x86.Build.0 = Release|Win32
	EndGlobalSection
	GlobalSection(SolutionProperties) = preSolution
		HideSolutionNode = FALSE
	EndGlobalSection
	GlobalSection(ExtensibilityGlobals) = postSolution
		SolutionGuid = {081A9136-6C24-4C42-9FD6-313868355464}
	EndGlobalSection
EndGlobal
